
Microsoft Visual Studio Solution File, Format Version 12.00
# Visual Studio Version 17
VisualStudioVersion = 17.0.31903.59
MinimumVisualStudioVersion = 10.0.40219.1
Project("{2150E333-8FDC-42A3-9474-1A3956D46DE8}") = "src", "src", "{A1B2C3D4-E5F6-7890-ABCD-EF1234567890}"
EndProject
Project("{FAE04EC0-301F-11D3-BF4B-00C04F79EFBC}") = "Cleanse10.Core", "src\Cleanse10.Core\Cleanse10.Core.csproj", "{11111111-2222-3333-4444-555555555501}"
EndProject
Project("{FAE04EC0-301F-11D3-BF4B-00C04F79EFBC}") = "Cleanse10.GUI", "src\Cleanse10.GUI\Cleanse10.GUI.csproj", "{11111111-2222-3333-4444-555555555502}"
EndProject
Project("{FAE04EC0-301F-11D3-BF4B-00C04F79EFBC}") = "Cleanse10.CLI", "src\Cleanse10.CLI\Cleanse10.CLI.csproj", "{11111111-2222-3333-4444-555555555503}"
EndProject
Global
	GlobalSection(SolutionConfigurationPlatforms) = preSolution
		Debug|Any CPU = Debug|Any CPU
		Release|Any CPU = Release|Any CPU
	EndGlobalSection
	GlobalSection(ProjectConfigurationPlatforms) = postSolution
		{11111111-2222-3333-4444-555555555501}.Debug|Any CPU.ActiveCfg = Debug|Any CPU
		{11111111-2222-3333-4444-555555555501}.Debug|Any CPU.Build.0 = Debug|Any CPU
		{11111111-2222-3333-4444-555555555501}.Release|Any CPU.ActiveCfg = Release|Any CPU
		{11111111-2222-3333-4444-555555555501}.Release|Any CPU.Build.0 = Release|Any CPU
		{11111111-2222-3333-4444-555555555502}.Debug|Any CPU.ActiveCfg = Debug|Any CPU
		{11111111-2222-3333-4444-555555555502}.Debug|Any CPU.Build.0 = Debug|Any CPU
		{11111111-2222-3333-4444-555555555502}.Release|Any CPU.ActiveCfg = Release|Any CPU
		{11111111-2222-3333-4444-555555555502}.Release|Any CPU.Build.0 = Release|Any CPU
		{11111111-2222-3333-4444-555555555503}.Debug|Any CPU.ActiveCfg = Debug|Any CPU
		{11111111-2222-3333-4444-555555555503}.Debug|Any CPU.Build.0 = Debug|Any CPU
		{11111111-2222-3333-4444-555555555503}.Release|Any CPU.ActiveCfg = Release|Any CPU
		{11111111-2222-3333-4444-555555555503}.Release|Any CPU.Build.0 = Release|Any CPU
	EndGlobalSection
	GlobalSection(NestedProjects) = preSolution
		{11111111-2222-3333-4444-555555555501} = {A1B2C3D4-E5F6-7890-ABCD-EF1234567890}
		{11111111-2222-3333-4444-555555555502} = {A1B2C3D4-E5F6-7890-ABCD-EF1234567890}
		{11111111-2222-3333-4444-555555555503} = {A1B2C3D4-E5F6-7890-ABCD-EF1234567890}
	EndGlobalSection
EndGlobal
